# THIS IS AN AUTOGENERATED FILE. DO NOT EDIT THIS FILE DIRECTLY.
# yarn lockfile v1


async@~0.2.9:
  version "0.2.10"
  resolved "https://registry.yarnpkg.com/async/-/async-0.2.10.tgz#b6bbe0b0674b9d719708ca38de8c237cb526c3d1"

fs-plus@^2.1.0:
  version "2.9.3"
  resolved "https://registry.yarnpkg.com/fs-plus/-/fs-plus-2.9.3.tgz#75e6d7c57e45364955a1cfbfc563fc5820e0cff2"
  dependencies:
    async "~0.2.9"
    mkdirp "~0.3.5"
    rimraf "~2.2.2"
    underscore-plus "1.x"

git-utils@^4.1.4:
  version "4.1.4"
  resolved "https://registry.yarnpkg.com/git-utils/-/git-utils-4.1.4.tgz#b92d31f61fcb4c736f4a78314de36e41b9fc7d68"
  dependencies:
    fs-plus "^2.1.0"
    nan "^2.0.0"

minimist@^1.2.0:
  version "1.2.0"
  resolved "https://registry.yarnpkg.com/minimist/-/minimist-1.2.0.tgz#a35008b20f41383eec1fb914f4cd5df79a264284"

mkdirp@~0.3.5:
  version "0.3.5"
  resolved "https://registry.yarnpkg.com/mkdirp/-/mkdirp-0.3.5.tgz#de3e5f8961c88c787ee1368df849ac4413eca8d7"

nan@^2.0.0:
  version "2.5.1"
  resolved "https://registry.yarnpkg.com/nan/-/nan-2.5.1.tgz#d5b01691253326a97a2bbee9e61c55d8d60351e2"

rimraf@~2.2.2:
  version "2.2.8"
  resolved "https://registry.yarnpkg.com/rimraf/-/rimraf-2.2.8.tgz#e439be2aaee327321952730f99a8929e4fc50582"

underscore-plus@1.x:
  version "1.6.6"
  resolved "https://registry.yarnpkg.com/underscore-plus/-/underscore-plus-1.6.6.tgz#65ecde1bdc441a35d89e650fd70dcf13ae439a7d"
  dependencies:
    underscore "~1.6.0"

underscore@~1.6.0:
  version "1.6.0"
  resolved "https://registry.yarnpkg.com/underscore/-/underscore-1.6.0.tgz#8b38b10cacdef63337b8b24e4ff86d45aea529a8"
